
Microsoft Visual Studio Solution File, Format Version 12.00
# Visual Studio 14
VisualStudioVersion = 14.0.25420.1
MinimumVisualStudioVersion = 10.0.40219.1
Project("{FAE04EC0-301F-11D3-BF4B-00C04F79EFBC}") = "BLL.OpenWx", "BLL.OpenWx\BLL.OpenWx.csproj", "{7EA87CC4-93D9-492F-8170-B5D94A494D85}"
EndProject
Project("{FAE04EC0-301F-11D3-BF4B-00C04F79EFBC}") = "Core.OpenWx", "Core.OpenWx\Core.OpenWx.csproj", "{3345CCFE-D6C5-4C25-B353-509F56905F35}"
EndProject
Project("{FAE04EC0-301F-11D3-BF4B-00C04F79EFBC}") = "Entity.OpenWx", "Entity.OpenWx\Entity.OpenWx.csproj", "{B78C32DD-3D88-4E50-B06C-D7D6A6896FCC}"
EndProject
Project("{FAE04EC0-301F-11D3-BF4B-00C04F79EFBC}") = "OpenWx", "OpenWx\OpenWx.csproj", "{2E9B91CD-880A-4359-BA21-8C9C739876CA}"
EndProject
Global
	GlobalSection(SolutionConfigurationPlatforms) = preSolution
		Debug|Any CPU = Debug|Any CPU
		Debug|x86 = Debug|x86
		Release|Any CPU = Release|Any CPU
		Release|x86 = Release|x86
		Test|Any CPU = Test|Any CPU
		Test|x86 = Test|x86
	EndGlobalSection
	GlobalSection(ProjectConfigurationPlatforms) = postSolution
		{7EA87CC4-93D9-492F-8170-B5D94A494D85}.Debug|Any CPU.ActiveCfg = Debug|Any CPU
		{7EA87CC4-93D9-492F-8170-B5D94A494D85}.Debug|Any CPU.Build.0 = Debug|Any CPU
		{7EA87CC4-93D9-492F-8170-B5D94A494D85}.Debug|x86.ActiveCfg = Debug|Any CPU
		{7EA87CC4-93D9-492F-8170-B5D94A494D85}.Debug|x86.Build.0 = Debug|Any CPU
		{7EA87CC4-93D9-492F-8170-B5D94A494D85}.Release|Any CPU.ActiveCfg = Release|Any CPU
		{7EA87CC4-93D9-492F-8170-B5D94A494D85}.Release|Any CPU.Build.0 = Release|Any CPU
		{7EA87CC4-93D9-492F-8170-B5D94A494D85}.Release|x86.ActiveCfg = Release|Any CPU
		{7EA87CC4-93D9-492F-8170-B5D94A494D85}.Release|x86.Build.0 = Release|Any CPU
		{7EA87CC4-93D9-492F-8170-B5D94A494D85}.Test|Any CPU.ActiveCfg = Release|Any CPU
		{7EA87CC4-93D9-492F-8170-B5D94A494D85}.Test|Any CPU.Build.0 = Release|Any CPU
		{7EA87CC4-93D9-492F-8170-B5D94A494D85}.Test|x86.ActiveCfg = Release|Any CPU
		{7EA87CC4-93D9-492F-8170-B5D94A494D85}.Test|x86.Build.0 = Release|Any CPU
		{3345CCFE-D6C5-4C25-B353-509F56905F35}.Debug|Any CPU.ActiveCfg = Debug|Any CPU
		{3345CCFE-D6C5-4C25-B353-509F56905F35}.Debug|Any CPU.Build.0 = Debug|Any CPU
		{3345CCFE-D6C5-4C25-B353-509F56905F35}.Debug|x86.ActiveCfg = Debug|Any CPU
		{3345CCFE-D6C5-4C25-B353-509F56905F35}.Debug|x86.Build.0 = Debug|Any CPU
		{3345CCFE-D6C5-4C25-B353-509F56905F35}.Release|Any CPU.ActiveCfg = Release|Any CPU
		{3345CCFE-D6C5-4C25-B353-509F56905F35}.Release|Any CPU.Build.0 = Release|Any CPU
		{3345CCFE-D6C5-4C25-B353-509F56905F35}.Release|x86.ActiveCfg = Release|Any CPU
		{3345CCFE-D6C5-4C25-B353-509F56905F35}.Release|x86.Build.0 = Release|Any CPU
		{3345CCFE-D6C5-4C25-B353-509F56905F35}.Test|Any CPU.ActiveCfg = Release|Any CPU
		{3345CCFE-D6C5-4C25-B353-509F56905F35}.Test|Any CPU.Build.0 = Release|Any CPU
		{3345CCFE-D6C5-4C25-B353-509F56905F35}.Test|x86.ActiveCfg = Release|Any CPU
		{3345CCFE-D6C5-4C25-B353-509F56905F35}.Test|x86.Build.0 = Release|Any CPU
		{B78C32DD-3D88-4E50-B06C-D7D6A6896FCC}.Debug|Any CPU.ActiveCfg = Debug|Any CPU
		{B78C32DD-3D88-4E50-B06C-D7D6A6896FCC}.Debug|Any CPU.Build.0 = Debug|Any CPU
		{B78C32DD-3D88-4E50-B06C-D7D6A6896FCC}.Debug|x86.ActiveCfg = Debug|Any CPU
		{B78C32DD-3D88-4E50-B06C-D7D6A6896FCC}.Debug|x86.Build.0 = Debug|Any CPU
		{B78C32DD-3D88-4E50-B06C-D7D6A6896FCC}.Release|Any CPU.ActiveCfg = Release|Any CPU
		{B78C32DD-3D88-4E50-B06C-D7D6A6896FCC}.Release|Any CPU.Build.0 = Release|Any CPU
		{B78C32DD-3D88-4E50-B06C-D7D6A6896FCC}.Release|x86.ActiveCfg = Release|Any CPU
		{B78C32DD-3D88-4E50-B06C-D7D6A6896FCC}.Release|x86.Build.0 = Release|Any CPU
		{B78C32DD-3D88-4E50-B06C-D7D6A6896FCC}.Test|Any CPU.ActiveCfg = Release|Any CPU
		{B78C32DD-3D88-4E50-B06C-D7D6A6896FCC}.Test|Any CPU.Build.0 = Release|Any CPU
		{B78C32DD-3D88-4E50-B06C-D7D6A6896FCC}.Test|x86.ActiveCfg = Release|Any CPU
		{B78C32DD-3D88-4E50-B06C-D7D6A6896FCC}.Test|x86.Build.0 = Release|Any CPU
		{2E9B91CD-880A-4359-BA21-8C9C739876CA}.Debug|Any CPU.ActiveCfg = Debug|Any CPU
		{2E9B91CD-880A-4359-BA21-8C9C739876CA}.Debug|Any CPU.Build.0 = Debug|Any CPU
		{2E9B91CD-880A-4359-BA21-8C9C739876CA}.Debug|x86.ActiveCfg = Debug|Any CPU
		{2E9B91CD-880A-4359-BA21-8C9C739876CA}.Debug|x86.Build.0 = Debug|Any CPU
		{2E9B91CD-880A-4359-BA21-8C9C739876CA}.Release|Any CPU.ActiveCfg = Release|Any CPU
		{2E9B91CD-880A-4359-BA21-8C9C739876CA}.Release|Any CPU.Build.0 = Release|Any CPU
		{2E9B91CD-880A-4359-BA21-8C9C739876CA}.Release|x86.ActiveCfg = Release|Any CPU
		{2E9B91CD-880A-4359-BA21-8C9C739876CA}.Release|x86.Build.0 = Release|Any CPU
		{2E9B91CD-880A-4359-BA21-8C9C739876CA}.Test|Any CPU.ActiveCfg = Release|Any CPU
		{2E9B91CD-880A-4359-BA21-8C9C739876CA}.Test|Any CPU.Build.0 = Release|Any CPU
		{2E9B91CD-880A-4359-BA21-8C9C739876CA}.Test|x86.ActiveCfg = Release|Any CPU
		{2E9B91CD-880A-4359-BA21-8C9C739876CA}.Test|x86.Build.0 = Release|Any CPU
	EndGlobalSection
	GlobalSection(SolutionProperties) = preSolution
		HideSolutionNode = FALSE
	EndGlobalSection
	GlobalSection(ExtensibilityGlobals) = postSolution
		SolutionGuid = {FBF9E84F-F32A-4E40-84A6-98F3632859FA}
	EndGlobalSection
	GlobalSection(TeamFoundationVersionControl) = preSolution
		SccNumberOfProjects = 5
		SccEnterpriseProvider = {4CA58AB2-18FA-4F8D-95D4-32DDF27D184C}
		SccTeamFoundationServer = http://192.168.30.205:8080/tfs/vzancollection
		SccLocalPath0 = .
		SccProjectUniqueName1 = BLL.OpenWx\\BLL.OpenWx.csproj
		SccProjectName1 = BLL.OpenWx
		SccLocalPath1 = BLL.OpenWx
		SccProjectUniqueName2 = Core.OpenWx\\Core.OpenWx.csproj
		SccProjectName2 = Core.OpenWx
		SccLocalPath2 = Core.OpenWx
		SccProjectUniqueName3 = Entity.OpenWx\\Entity.OpenWx.csproj
		SccProjectName3 = Entity.OpenWx
		SccLocalPath3 = Entity.OpenWx
		SccProjectUniqueName4 = OpenWx\\OpenWx.csproj
		SccProjectName4 = OpenWx
		SccLocalPath4 = OpenWx
	EndGlobalSection
EndGlobal
