
Microsoft Visual Studio Solution File, Format Version 12.00
# Visual Studio 14
VisualStudioVersion = 14.0.25420.1
MinimumVisualStudioVersion = 10.0.40219.1
Project("{FAE04EC0-301F-11D3-BF4B-00C04F79EFBC}") = "Entity.MiniApp", "Entity.MiniApp\Entity.MiniApp.csproj", "{02761D9E-025F-4143-97C3-EF0F4C99222D}"
EndProject
Project("{FAE04EC0-301F-11D3-BF4B-00C04F79EFBC}") = "BLL.MiniApp", "BLL.MiniApp\BLL.MiniApp.csproj", "{33DBBF84-6D19-4401-8A7E-5DF9A9CF4A5D}"
	ProjectSection(ProjectDependencies) = postProject
		{02761D9E-025F-4143-97C3-EF0F4C99222D} = {02761D9E-025F-4143-97C3-EF0F4C99222D}
	EndProjectSection
EndProject
Project("{FAE04EC0-301F-11D3-BF4B-00C04F79EFBC}") = "Api.MiniApp", "Api.MiniApp\Api.MiniApp.csproj", "{015A6B59-95F8-40B1-ACFF-D2A1526A5AA0}"
	ProjectSection(ProjectDependencies) = postProject
		{33DBBF84-6D19-4401-8A7E-5DF9A9CF4A5D} = {33DBBF84-6D19-4401-8A7E-5DF9A9CF4A5D}
		{02761D9E-025F-4143-97C3-EF0F4C99222D} = {02761D9E-025F-4143-97C3-EF0F4C99222D}
	EndProjectSection
EndProject
Project("{FAE04EC0-301F-11D3-BF4B-00C04F79EFBC}") = "MiniAppServer.MiniApp", "MiniAppServer.MiniApp\MiniAppServer.MiniApp.csproj", "{94B5936A-5513-4FCA-9BA4-B79BC96B8D81}"
EndProject
Project("{FAE04EC0-301F-11D3-BF4B-00C04F79EFBC}") = "Core.MiniApp", "Core.MiniApp\Core.MiniApp.csproj", "{ADE311DB-F8D5-4377-9C8B-786F472789E2}"
EndProject
Project("{FAE04EC0-301F-11D3-BF4B-00C04F79EFBC}") = "User.MiniApp", "User.MiniApp\User.MiniApp.csproj", "{75F1BA91-A298-4F30-836E-EA094E7142D5}"
EndProject
Project("{FAE04EC0-301F-11D3-BF4B-00C04F79EFBC}") = "miniapp", "miniapp\miniapp.csproj", "{8EBFA2C9-1094-42A3-8CC1-F72D95D61F49}"
EndProject
Project("{FAE04EC0-301F-11D3-BF4B-00C04F79EFBC}") = "doc", "doc\doc.csproj", "{EDB491AE-B476-454A-B342-592E70BDB7E1}"
EndProject
Project("{FAE04EC0-301F-11D3-BF4B-00C04F79EFBC}") = "DrawCashService.MiniApp", "DrawCashService.MiniApp\DrawCashService.MiniApp.csproj", "{9CFC4B30-C287-41B4-8C47-60648BE111F1}"
EndProject
Global
	GlobalSection(SolutionConfigurationPlatforms) = preSolution
		Debug|Any CPU = Debug|Any CPU
		Debug|x64 = Debug|x64
		Release|Any CPU = Release|Any CPU
		Release|x64 = Release|x64
	EndGlobalSection
	GlobalSection(ProjectConfigurationPlatforms) = postSolution
		{02761D9E-025F-4143-97C3-EF0F4C99222D}.Debug|Any CPU.ActiveCfg = Debug|Any CPU
		{02761D9E-025F-4143-97C3-EF0F4C99222D}.Debug|Any CPU.Build.0 = Debug|Any CPU
		{02761D9E-025F-4143-97C3-EF0F4C99222D}.Debug|x64.ActiveCfg = Debug|Any CPU
		{02761D9E-025F-4143-97C3-EF0F4C99222D}.Debug|x64.Build.0 = Debug|Any CPU
		{02761D9E-025F-4143-97C3-EF0F4C99222D}.Release|Any CPU.ActiveCfg = Release|Any CPU
		{02761D9E-025F-4143-97C3-EF0F4C99222D}.Release|Any CPU.Build.0 = Release|Any CPU
		{02761D9E-025F-4143-97C3-EF0F4C99222D}.Release|x64.ActiveCfg = Release|Any CPU
		{02761D9E-025F-4143-97C3-EF0F4C99222D}.Release|x64.Build.0 = Release|Any CPU
		{33DBBF84-6D19-4401-8A7E-5DF9A9CF4A5D}.Debug|Any CPU.ActiveCfg = Debug|Any CPU
		{33DBBF84-6D19-4401-8A7E-5DF9A9CF4A5D}.Debug|Any CPU.Build.0 = Debug|Any CPU
		{33DBBF84-6D19-4401-8A7E-5DF9A9CF4A5D}.Debug|x64.ActiveCfg = Debug|Any CPU
		{33DBBF84-6D19-4401-8A7E-5DF9A9CF4A5D}.Debug|x64.Build.0 = Debug|Any CPU
		{33DBBF84-6D19-4401-8A7E-5DF9A9CF4A5D}.Release|Any CPU.ActiveCfg = Release|Any CPU
		{33DBBF84-6D19-4401-8A7E-5DF9A9CF4A5D}.Release|Any CPU.Build.0 = Release|Any CPU
		{33DBBF84-6D19-4401-8A7E-5DF9A9CF4A5D}.Release|x64.ActiveCfg = Release|Any CPU
		{33DBBF84-6D19-4401-8A7E-5DF9A9CF4A5D}.Release|x64.Build.0 = Release|Any CPU
		{015A6B59-95F8-40B1-ACFF-D2A1526A5AA0}.Debug|Any CPU.ActiveCfg = Debug|Any CPU
		{015A6B59-95F8-40B1-ACFF-D2A1526A5AA0}.Debug|Any CPU.Build.0 = Debug|Any CPU
		{015A6B59-95F8-40B1-ACFF-D2A1526A5AA0}.Debug|x64.ActiveCfg = Debug|Any CPU
		{015A6B59-95F8-40B1-ACFF-D2A1526A5AA0}.Debug|x64.Build.0 = Debug|Any CPU
		{015A6B59-95F8-40B1-ACFF-D2A1526A5AA0}.Release|Any CPU.ActiveCfg = Release|Any CPU
		{015A6B59-95F8-40B1-ACFF-D2A1526A5AA0}.Release|Any CPU.Build.0 = Release|Any CPU
		{015A6B59-95F8-40B1-ACFF-D2A1526A5AA0}.Release|x64.ActiveCfg = Release|Any CPU
		{015A6B59-95F8-40B1-ACFF-D2A1526A5AA0}.Release|x64.Build.0 = Release|Any CPU
		{94B5936A-5513-4FCA-9BA4-B79BC96B8D81}.Debug|Any CPU.ActiveCfg = Debug|Any CPU
		{94B5936A-5513-4FCA-9BA4-B79BC96B8D81}.Debug|Any CPU.Build.0 = Debug|Any CPU
		{94B5936A-5513-4FCA-9BA4-B79BC96B8D81}.Debug|x64.ActiveCfg = Debug|Any CPU
		{94B5936A-5513-4FCA-9BA4-B79BC96B8D81}.Debug|x64.Build.0 = Debug|Any CPU
		{94B5936A-5513-4FCA-9BA4-B79BC96B8D81}.Release|Any CPU.ActiveCfg = Release|Any CPU
		{94B5936A-5513-4FCA-9BA4-B79BC96B8D81}.Release|Any CPU.Build.0 = Release|Any CPU
		{94B5936A-5513-4FCA-9BA4-B79BC96B8D81}.Release|x64.ActiveCfg = Release|Any CPU
		{94B5936A-5513-4FCA-9BA4-B79BC96B8D81}.Release|x64.Build.0 = Release|Any CPU
		{ADE311DB-F8D5-4377-9C8B-786F472789E2}.Debug|Any CPU.ActiveCfg = Debug|Any CPU
		{ADE311DB-F8D5-4377-9C8B-786F472789E2}.Debug|Any CPU.Build.0 = Debug|Any CPU
		{ADE311DB-F8D5-4377-9C8B-786F472789E2}.Debug|x64.ActiveCfg = Debug|Any CPU
		{ADE311DB-F8D5-4377-9C8B-786F472789E2}.Debug|x64.Build.0 = Debug|Any CPU
		{ADE311DB-F8D5-4377-9C8B-786F472789E2}.Release|Any CPU.ActiveCfg = Release|Any CPU
		{ADE311DB-F8D5-4377-9C8B-786F472789E2}.Release|Any CPU.Build.0 = Release|Any CPU
		{ADE311DB-F8D5-4377-9C8B-786F472789E2}.Release|x64.ActiveCfg = Release|Any CPU
		{ADE311DB-F8D5-4377-9C8B-786F472789E2}.Release|x64.Build.0 = Release|Any CPU
		{75F1BA91-A298-4F30-836E-EA094E7142D5}.Debug|Any CPU.ActiveCfg = Debug|Any CPU
		{75F1BA91-A298-4F30-836E-EA094E7142D5}.Debug|Any CPU.Build.0 = Debug|Any CPU
		{75F1BA91-A298-4F30-836E-EA094E7142D5}.Debug|x64.ActiveCfg = Debug|Any CPU
		{75F1BA91-A298-4F30-836E-EA094E7142D5}.Debug|x64.Build.0 = Debug|Any CPU
		{75F1BA91-A298-4F30-836E-EA094E7142D5}.Release|Any CPU.ActiveCfg = Release|Any CPU
		{75F1BA91-A298-4F30-836E-EA094E7142D5}.Release|Any CPU.Build.0 = Release|Any CPU
		{75F1BA91-A298-4F30-836E-EA094E7142D5}.Release|x64.ActiveCfg = Release|Any CPU
		{75F1BA91-A298-4F30-836E-EA094E7142D5}.Release|x64.Build.0 = Release|Any CPU
		{8EBFA2C9-1094-42A3-8CC1-F72D95D61F49}.Debug|Any CPU.ActiveCfg = Debug|Any CPU
		{8EBFA2C9-1094-42A3-8CC1-F72D95D61F49}.Debug|Any CPU.Build.0 = Debug|Any CPU
		{8EBFA2C9-1094-42A3-8CC1-F72D95D61F49}.Debug|x64.ActiveCfg = Debug|Any CPU
		{8EBFA2C9-1094-42A3-8CC1-F72D95D61F49}.Debug|x64.Build.0 = Debug|Any CPU
		{8EBFA2C9-1094-42A3-8CC1-F72D95D61F49}.Release|Any CPU.ActiveCfg = Release|Any CPU
		{8EBFA2C9-1094-42A3-8CC1-F72D95D61F49}.Release|Any CPU.Build.0 = Release|Any CPU
		{8EBFA2C9-1094-42A3-8CC1-F72D95D61F49}.Release|x64.ActiveCfg = Release|Any CPU
		{8EBFA2C9-1094-42A3-8CC1-F72D95D61F49}.Release|x64.Build.0 = Release|Any CPU
		{EDB491AE-B476-454A-B342-592E70BDB7E1}.Debug|Any CPU.ActiveCfg = Debug|Any CPU
		{EDB491AE-B476-454A-B342-592E70BDB7E1}.Debug|Any CPU.Build.0 = Debug|Any CPU
		{EDB491AE-B476-454A-B342-592E70BDB7E1}.Debug|x64.ActiveCfg = Debug|Any CPU
		{EDB491AE-B476-454A-B342-592E70BDB7E1}.Debug|x64.Build.0 = Debug|Any CPU
		{EDB491AE-B476-454A-B342-592E70BDB7E1}.Release|Any CPU.ActiveCfg = Release|Any CPU
		{EDB491AE-B476-454A-B342-592E70BDB7E1}.Release|Any CPU.Build.0 = Release|Any CPU
		{EDB491AE-B476-454A-B342-592E70BDB7E1}.Release|x64.ActiveCfg = Release|Any CPU
		{EDB491AE-B476-454A-B342-592E70BDB7E1}.Release|x64.Build.0 = Release|Any CPU
		{9CFC4B30-C287-41B4-8C47-60648BE111F1}.Debug|Any CPU.ActiveCfg = Debug|Any CPU
		{9CFC4B30-C287-41B4-8C47-60648BE111F1}.Debug|Any CPU.Build.0 = Debug|Any CPU
		{9CFC4B30-C287-41B4-8C47-60648BE111F1}.Debug|x64.ActiveCfg = Debug|Any CPU
		{9CFC4B30-C287-41B4-8C47-60648BE111F1}.Debug|x64.Build.0 = Debug|Any CPU
		{9CFC4B30-C287-41B4-8C47-60648BE111F1}.Release|Any CPU.ActiveCfg = Release|Any CPU
		{9CFC4B30-C287-41B4-8C47-60648BE111F1}.Release|Any CPU.Build.0 = Release|Any CPU
		{9CFC4B30-C287-41B4-8C47-60648BE111F1}.Release|x64.ActiveCfg = Release|Any CPU
		{9CFC4B30-C287-41B4-8C47-60648BE111F1}.Release|x64.Build.0 = Release|Any CPU
	EndGlobalSection
	GlobalSection(SolutionProperties) = preSolution
		HideSolutionNode = FALSE
	EndGlobalSection
	GlobalSection(ExtensibilityGlobals) = postSolution
		SolutionGuid = {F56884F4-B07D-4476-ABE5-88C84A8965A1}
	EndGlobalSection
	GlobalSection(TeamFoundationVersionControl) = preSolution
		SccNumberOfProjects = 10
		SccEnterpriseProvider = {4CA58AB2-18FA-4F8D-95D4-32DDF27D184C}
		SccTeamFoundationServer = http://192.168.30.205:8080/tfs/vzancollection
		SccLocalPath0 = .
		SccProjectUniqueName1 = Entity.MiniApp\\Entity.MiniApp.csproj
		SccProjectName1 = Entity.MiniApp
		SccLocalPath1 = Entity.MiniApp
		SccProjectUniqueName2 = BLL.MiniApp\\BLL.MiniApp.csproj
		SccProjectName2 = BLL.MiniApp
		SccLocalPath2 = BLL.MiniApp
		SccProjectUniqueName3 = Api.MiniApp\\Api.MiniApp.csproj
		SccProjectName3 = Api.MiniApp
		SccLocalPath3 = Api.MiniApp
		SccProjectUniqueName4 = MiniAppServer.MiniApp\\MiniAppServer.MiniApp.csproj
		SccProjectName4 = MiniAppServer.MiniApp
		SccLocalPath4 = MiniAppServer.MiniApp
		SccProjectUniqueName5 = Core.MiniApp\\Core.MiniApp.csproj
		SccProjectName5 = Core.MiniApp
		SccLocalPath5 = Core.MiniApp
		SccProjectUniqueName6 = User.MiniApp\\User.MiniApp.csproj
		SccProjectName6 = User.MiniApp
		SccLocalPath6 = User.MiniApp
		SccProjectUniqueName7 = miniapp\\miniapp.csproj
		SccProjectName7 = miniapp
		SccLocalPath7 = miniapp
		SccProjectUniqueName8 = doc\\doc.csproj
		SccProjectName8 = doc
		SccLocalPath8 = doc
		SccProjectUniqueName9 = DrawCashService.MiniApp\\DrawCashService.MiniApp.csproj
		SccProjectName9 = DrawCashService.MiniApp
		SccLocalPath9 = DrawCashService.MiniApp
	EndGlobalSection
EndGlobal
